
Microsoft Visual Studio Solution File, Format Version 12.00
# Visual Studio Version 17
VisualStudioVersion = 17.2.32630.192
MinimumVisualStudioVersion = 10.0.40219.1
Project("{2150E333-8FDC-42A3-9474-1A3956D46DE8}") = "Services", "Services", "{BFD53F77-3991-4A01-990F-E663804C51A8}"
EndProject
Project("{2150E333-8FDC-42A3-9474-1A3956D46DE8}") = "Catalog", "Catalog", "{15E192B9-6F40-495A-B7CA-0A66BB244667}"
EndProject
Project("{9A19103F-16F7-4668-BE54-9A1E7A4F7556}") = "Catalog.API", "Services\Catalog\Catalog.API\Catalog.API.csproj", "{F8EA8C3E-5507-4EA0-AE0A-4DC6C9C3DCEC}"
EndProject
Project("{E53339B2-1760-4266-BCC7-CA923CBCF16C}") = "docker-compose", "docker-compose.dcproj", "{0B04B3F8-F1BB-4682-A758-9BD2F5E89364}"
EndProject
Project("{2150E333-8FDC-42A3-9474-1A3956D46DE8}") = "Basket", "Basket", "{F6F0B2B9-1003-49AF-B9F7-B4CF649201CB}"
EndProject
Project("{9A19103F-16F7-4668-BE54-9A1E7A4F7556}") = "Basket.API", "Services\Basket\Basket.API\Basket.API.csproj", "{29FE6F8E-3BC9-40D7-8945-C7B45CEB0000}"
EndProject
Project("{2150E333-8FDC-42A3-9474-1A3956D46DE8}") = "Discount", "Discount", "{AD178E3D-8B76-4FDD-AF57-DAE383815257}"
EndProject
Project("{9A19103F-16F7-4668-BE54-9A1E7A4F7556}") = "Discount.API", "Services\Discount\Discount.API\Discount.API.csproj", "{F8FA0958-6680-4A82-A4DA-03996FCCFD93}"
EndProject
Project("{9A19103F-16F7-4668-BE54-9A1E7A4F7556}") = "Discount.Grpc", "Services\Discount\Discount.Grpc\Discount.Grpc.csproj", "{98B6AB96-DF81-4ECA-8E7E-4FBAFAB699FF}"
EndProject
Project("{2150E333-8FDC-42A3-9474-1A3956D46DE8}") = "Ordering", "Ordering", "{1D45B938-B4FA-4699-A07B-CAB1148A65E6}"
EndProject
Project("{9A19103F-16F7-4668-BE54-9A1E7A4F7556}") = "Ordering.API", "Services\Ordering\Ordering.API\Ordering.API.csproj", "{57023D66-DE5F-4CEF-9DB6-F553902E57E9}"
EndProject
Project("{9A19103F-16F7-4668-BE54-9A1E7A4F7556}") = "Ordering.Domain", "Services\Ordering\Ordering.Domain\Ordering.Domain.csproj", "{F16DC8B6-479E-477B-9380-51F1AD80D65B}"
EndProject
Project("{9A19103F-16F7-4668-BE54-9A1E7A4F7556}") = "Ordering.Application", "Services\Ordering\Ordering.Application\Ordering.Application.csproj", "{4BF39A01-3353-46D4-ABB5-8A320B2B6954}"
EndProject
Project("{9A19103F-16F7-4668-BE54-9A1E7A4F7556}") = "Ordering.Infrastructure", "Services\Ordering\Ordering.Infrastructure\Ordering.Infrastructure.csproj", "{AD0F951A-D8B9-4E47-8CED-5F4CBC86A005}"
EndProject
Project("{2150E333-8FDC-42A3-9474-1A3956D46DE8}") = "BuildingBlocks", "BuildingBlocks", "{225CE1DD-0AD9-4E42-A39B-628635D48B4E}"
EndProject
Project("{9A19103F-16F7-4668-BE54-9A1E7A4F7556}") = "EventBus.Messages", "BuildingBlocks\EventBus.Messages\EventBus.Messages.csproj", "{24768DC3-5D81-446E-A3C4-092901CF4251}"
EndProject
Project("{2150E333-8FDC-42A3-9474-1A3956D46DE8}") = "ApiGateways", "ApiGateways", "{88C4D85A-E495-4D4E-BEC5-F0B3E24C9E3F}"
EndProject
Project("{9A19103F-16F7-4668-BE54-9A1E7A4F7556}") = "OcelotApiGw", "ApiGateways\OcelotApiGw\OcelotApiGw.csproj", "{103E742E-8415-45D7-AB4B-AB470A5860FB}"
EndProject
Project("{9A19103F-16F7-4668-BE54-9A1E7A4F7556}") = "Shopping.Aggregator", "ApiGateways\Shopping.Aggregator\Shopping.Aggregator.csproj", "{CA06759A-5CC0-4079-94FB-427E402974D2}"
EndProject
Project("{2150E333-8FDC-42A3-9474-1A3956D46DE8}") = "WebApps", "WebApps", "{0F8609EC-33BA-4166-A7D2-9FCF786FC462}"
EndProject
Global
	GlobalSection(SolutionConfigurationPlatforms) = preSolution
		Debug|Any CPU = Debug|Any CPU
		Release|Any CPU = Release|Any CPU
	EndGlobalSection
	GlobalSection(ProjectConfigurationPlatforms) = postSolution
		{F8EA8C3E-5507-4EA0-AE0A-4DC6C9C3DCEC}.Debug|Any CPU.ActiveCfg = Debug|Any CPU
		{F8EA8C3E-5507-4EA0-AE0A-4DC6C9C3DCEC}.Debug|Any CPU.Build.0 = Debug|Any CPU
		{F8EA8C3E-5507-4EA0-AE0A-4DC6C9C3DCEC}.Release|Any CPU.ActiveCfg = Release|Any CPU
		{F8EA8C3E-5507-4EA0-AE0A-4DC6C9C3DCEC}.Release|Any CPU.Build.0 = Release|Any CPU
		{0B04B3F8-F1BB-4682-A758-9BD2F5E89364}.Debug|Any CPU.ActiveCfg = Debug|Any CPU
		{0B04B3F8-F1BB-4682-A758-9BD2F5E89364}.Debug|Any CPU.Build.0 = Debug|Any CPU
		{0B04B3F8-F1BB-4682-A758-9BD2F5E89364}.Release|Any CPU.ActiveCfg = Release|Any CPU
		{0B04B3F8-F1BB-4682-A758-9BD2F5E89364}.Release|Any CPU.Build.0 = Release|Any CPU
		{29FE6F8E-3BC9-40D7-8945-C7B45CEB0000}.Debug|Any CPU.ActiveCfg = Debug|Any CPU
		{29FE6F8E-3BC9-40D7-8945-C7B45CEB0000}.Debug|Any CPU.Build.0 = Debug|Any CPU
		{29FE6F8E-3BC9-40D7-8945-C7B45CEB0000}.Release|Any CPU.ActiveCfg = Release|Any CPU
		{29FE6F8E-3BC9-40D7-8945-C7B45CEB0000}.Release|Any CPU.Build.0 = Release|Any CPU
		{F8FA0958-6680-4A82-A4DA-03996FCCFD93}.Debug|Any CPU.ActiveCfg = Debug|Any CPU
		{F8FA0958-6680-4A82-A4DA-03996FCCFD93}.Debug|Any CPU.Build.0 = Debug|Any CPU
		{F8FA0958-6680-4A82-A4DA-03996FCCFD93}.Release|Any CPU.ActiveCfg = Release|Any CPU
		{F8FA0958-6680-4A82-A4DA-03996FCCFD93}.Release|Any CPU.Build.0 = Release|Any CPU
		{98B6AB96-DF81-4ECA-8E7E-4FBAFAB699FF}.Debug|Any CPU.ActiveCfg = Debug|Any CPU
		{98B6AB96-DF81-4ECA-8E7E-4FBAFAB699FF}.Debug|Any CPU.Build.0 = Debug|Any CPU
		{98B6AB96-DF81-4ECA-8E7E-4FBAFAB699FF}.Release|Any CPU.ActiveCfg = Release|Any CPU
		{98B6AB96-DF81-4ECA-8E7E-4FBAFAB699FF}.Release|Any CPU.Build.0 = Release|Any CPU
		{57023D66-DE5F-4CEF-9DB6-F553902E57E9}.Debug|Any CPU.ActiveCfg = Debug|Any CPU
		{57023D66-DE5F-4CEF-9DB6-F553902E57E9}.Debug|Any CPU.Build.0 = Debug|Any CPU
		{57023D66-DE5F-4CEF-9DB6-F553902E57E9}.Release|Any CPU.ActiveCfg = Release|Any CPU
		{57023D66-DE5F-4CEF-9DB6-F553902E57E9}.Release|Any CPU.Build.0 = Release|Any CPU
		{F16DC8B6-479E-477B-9380-51F1AD80D65B}.Debug|Any CPU.ActiveCfg = Debug|Any CPU
		{F16DC8B6-479E-477B-9380-51F1AD80D65B}.Debug|Any CPU.Build.0 = Debug|Any CPU
		{F16DC8B6-479E-477B-9380-51F1AD80D65B}.Release|Any CPU.ActiveCfg = Release|Any CPU
		{F16DC8B6-479E-477B-9380-51F1AD80D65B}.Release|Any CPU.Build.0 = Release|Any CPU
		{4BF39A01-3353-46D4-ABB5-8A320B2B6954}.Debug|Any CPU.ActiveCfg = Debug|Any CPU
		{4BF39A01-3353-46D4-ABB5-8A320B2B6954}.Debug|Any CPU.Build.0 = Debug|Any CPU
		{4BF39A01-3353-46D4-ABB5-8A320B2B6954}.Release|Any CPU.ActiveCfg = Release|Any CPU
		{4BF39A01-3353-46D4-ABB5-8A320B2B6954}.Release|Any CPU.Build.0 = Release|Any CPU
		{AD0F951A-D8B9-4E47-8CED-5F4CBC86A005}.Debug|Any CPU.ActiveCfg = Debug|Any CPU
		{AD0F951A-D8B9-4E47-8CED-5F4CBC86A005}.Debug|Any CPU.Build.0 = Debug|Any CPU
		{AD0F951A-D8B9-4E47-8CED-5F4CBC86A005}.Release|Any CPU.ActiveCfg = Release|Any CPU
		{AD0F951A-D8B9-4E47-8CED-5F4CBC86A005}.Release|Any CPU.Build.0 = Release|Any CPU
		{24768DC3-5D81-446E-A3C4-092901CF4251}.Debug|Any CPU.ActiveCfg = Debug|Any CPU
		{24768DC3-5D81-446E-A3C4-092901CF4251}.Debug|Any CPU.Build.0 = Debug|Any CPU
		{24768DC3-5D81-446E-A3C4-092901CF4251}.Release|Any CPU.ActiveCfg = Release|Any CPU
		{24768DC3-5D81-446E-A3C4-092901CF4251}.Release|Any CPU.Build.0 = Release|Any CPU
		{103E742E-8415-45D7-AB4B-AB470A5860FB}.Debug|Any CPU.ActiveCfg = Debug|Any CPU
		{103E742E-8415-45D7-AB4B-AB470A5860FB}.Debug|Any CPU.Build.0 = Debug|Any CPU
		{103E742E-8415-45D7-AB4B-AB470A5860FB}.Release|Any CPU.ActiveCfg = Release|Any CPU
		{103E742E-8415-45D7-AB4B-AB470A5860FB}.Release|Any CPU.Build.0 = Release|Any CPU
		{CA06759A-5CC0-4079-94FB-427E402974D2}.Debug|Any CPU.ActiveCfg = Debug|Any CPU
		{CA06759A-5CC0-4079-94FB-427E402974D2}.Debug|Any CPU.Build.0 = Debug|Any CPU
		{CA06759A-5CC0-4079-94FB-427E402974D2}.Release|Any CPU.ActiveCfg = Release|Any CPU
		{CA06759A-5CC0-4079-94FB-427E402974D2}.Release|Any CPU.Build.0 = Release|Any CPU
	EndGlobalSection
	GlobalSection(SolutionProperties) = preSolution
		HideSolutionNode = FALSE
	EndGlobalSection
	GlobalSection(NestedProjects) = preSolution
		{15E192B9-6F40-495A-B7CA-0A66BB244667} = {BFD53F77-3991-4A01-990F-E663804C51A8}
		{F8EA8C3E-5507-4EA0-AE0A-4DC6C9C3DCEC} = {15E192B9-6F40-495A-B7CA-0A66BB244667}
		{F6F0B2B9-1003-49AF-B9F7-B4CF649201CB} = {BFD53F77-3991-4A01-990F-E663804C51A8}
		{29FE6F8E-3BC9-40D7-8945-C7B45CEB0000} = {F6F0B2B9-1003-49AF-B9F7-B4CF649201CB}
		{AD178E3D-8B76-4FDD-AF57-DAE383815257} = {BFD53F77-3991-4A01-990F-E663804C51A8}
		{F8FA0958-6680-4A82-A4DA-03996FCCFD93} = {AD178E3D-8B76-4FDD-AF57-DAE383815257}
		{98B6AB96-DF81-4ECA-8E7E-4FBAFAB699FF} = {AD178E3D-8B76-4FDD-AF57-DAE383815257}
		{1D45B938-B4FA-4699-A07B-CAB1148A65E6} = {BFD53F77-3991-4A01-990F-E663804C51A8}
		{57023D66-DE5F-4CEF-9DB6-F553902E57E9} = {1D45B938-B4FA-4699-A07B-CAB1148A65E6}
		{F16DC8B6-479E-477B-9380-51F1AD80D65B} = {1D45B938-B4FA-4699-A07B-CAB1148A65E6}
		{4BF39A01-3353-46D4-ABB5-8A320B2B6954} = {1D45B938-B4FA-4699-A07B-CAB1148A65E6}
		{AD0F951A-D8B9-4E47-8CED-5F4CBC86A005} = {1D45B938-B4FA-4699-A07B-CAB1148A65E6}
		{24768DC3-5D81-446E-A3C4-092901CF4251} = {225CE1DD-0AD9-4E42-A39B-628635D48B4E}
		{103E742E-8415-45D7-AB4B-AB470A5860FB} = {88C4D85A-E495-4D4E-BEC5-F0B3E24C9E3F}
		{CA06759A-5CC0-4079-94FB-427E402974D2} = {88C4D85A-E495-4D4E-BEC5-F0B3E24C9E3F}
	EndGlobalSection
	GlobalSection(ExtensibilityGlobals) = postSolution
		SolutionGuid = {C6C4CCB7-5956-4618-B017-BF13EA6BCF82}
	EndGlobalSection
EndGlobal
